
Microsoft Visual Studio Solution File, Format Version 12.00
# Visual Studio Version 17
VisualStudioVersion = 17.14.36414.22
MinimumVisualStudioVersion = 10.0.40219.1
Project("{2150E333-8FDC-42A3-9474-1A3956D46DE8}") = "RabbitMQSender", "RabbitMQSender", "{02EA681E-C7D8-13C7-8484-4AC65E1B71E8}"
EndProject
Project("{2150E333-8FDC-42A3-9474-1A3956D46DE8}") = "Application", "Application", "{23A7EAFC-FB6D-4406-AA8B-590C8E0906BB}"
EndProject
Project("{2150E333-8FDC-42A3-9474-1A3956D46DE8}") = "Core", "Core", "{EE1FF207-E703-4B7C-9FB8-9CF102F71CAA}"
EndProject
Project("{2150E333-8FDC-42A3-9474-1A3956D46DE8}") = "Infrastructure", "Infrastructure", "{C31B93DF-D455-4256-8EA8-88E612BA20ED}"
EndProject
Project("{FAE04EC0-301F-11D3-BF4B-00C04F79EFBC}") = "RabbitMQSender.Api", "RabbitMQSender.Api\RabbitMQSender.Api.csproj", "{B08793CA-62A1-4277-A1B7-172709A3D48B}"
EndProject
Project("{FAE04EC0-301F-11D3-BF4B-00C04F79EFBC}") = "RabbitMQSender.Core", "RabbitMQSender.Core\RabbitMQSender.Core.csproj", "{E24DD468-EEB8-4505-8C4B-3D293796E547}"
EndProject
Project("{FAE04EC0-301F-11D3-BF4B-00C04F79EFBC}") = "RabbitMQSender.Infrastructure", "RabbitMQSender.Infrastructure\RabbitMQSender.Infrastructure.csproj", "{2B6278B2-9D51-460A-933E-6CA7EF2C3EE0}"
EndProject
Project("{2150E333-8FDC-42A3-9474-1A3956D46DE8}") = "RabbitMQConsumer", "RabbitMQConsumer", "{7583C3F3-E868-4F97-99A6-A77F5AD71AFB}"
EndProject
Project("{2150E333-8FDC-42A3-9474-1A3956D46DE8}") = "Application", "Application", "{9396FC38-7E6F-4AE2-A4B1-95FD33D2CDCB}"
EndProject
Project("{2150E333-8FDC-42A3-9474-1A3956D46DE8}") = "Core", "Core", "{11677D97-4186-4431-B089-FF0BAA2E8F3A}"
EndProject
Project("{2150E333-8FDC-42A3-9474-1A3956D46DE8}") = "Infrastructure", "Infrastructure", "{A9E0ED9A-2AA8-48F0-9F75-2D56E28B5C87}"
EndProject
Project("{FAE04EC0-301F-11D3-BF4B-00C04F79EFBC}") = "RabbitMQConsumer.Api", "RabbitMQConsumer.Api\RabbitMQConsumer.Api.csproj", "{7D4DEBB8-01EC-49D3-98E7-E7C4F3BB37F3}"
EndProject
Project("{FAE04EC0-301F-11D3-BF4B-00C04F79EFBC}") = "RabbitMQConsumer.Core", "RabbitMQConsumer.Core\RabbitMQConsumer.Core.csproj", "{9DFA2651-7A32-42E9-8FE8-6AFCED3B7CBD}"
EndProject
Project("{FAE04EC0-301F-11D3-BF4B-00C04F79EFBC}") = "RabbitMQConsumer.Infrastructure", "RabbitMQConsumer.Infrastructure\RabbitMQConsumer.Infrastructure.csproj", "{BDCCD93E-A483-48D5-9255-EDDDEC56B550}"
EndProject
Global
	GlobalSection(SolutionConfigurationPlatforms) = preSolution
		Debug|Any CPU = Debug|Any CPU
		Release|Any CPU = Release|Any CPU
	EndGlobalSection
	GlobalSection(ProjectConfigurationPlatforms) = postSolution
		{B08793CA-62A1-4277-A1B7-172709A3D48B}.Debug|Any CPU.ActiveCfg = Debug|Any CPU
		{B08793CA-62A1-4277-A1B7-172709A3D48B}.Debug|Any CPU.Build.0 = Debug|Any CPU
		{B08793CA-62A1-4277-A1B7-172709A3D48B}.Release|Any CPU.ActiveCfg = Release|Any CPU
		{B08793CA-62A1-4277-A1B7-172709A3D48B}.Release|Any CPU.Build.0 = Release|Any CPU
		{E24DD468-EEB8-4505-8C4B-3D293796E547}.Debug|Any CPU.ActiveCfg = Debug|Any CPU
		{E24DD468-EEB8-4505-8C4B-3D293796E547}.Debug|Any CPU.Build.0 = Debug|Any CPU
		{E24DD468-EEB8-4505-8C4B-3D293796E547}.Release|Any CPU.ActiveCfg = Release|Any CPU
		{E24DD468-EEB8-4505-8C4B-3D293796E547}.Release|Any CPU.Build.0 = Release|Any CPU
		{2B6278B2-9D51-460A-933E-6CA7EF2C3EE0}.Debug|Any CPU.ActiveCfg = Debug|Any CPU
		{2B6278B2-9D51-460A-933E-6CA7EF2C3EE0}.Debug|Any CPU.Build.0 = Debug|Any CPU
		{2B6278B2-9D51-460A-933E-6CA7EF2C3EE0}.Release|Any CPU.ActiveCfg = Release|Any CPU
		{2B6278B2-9D51-460A-933E-6CA7EF2C3EE0}.Release|Any CPU.Build.0 = Release|Any CPU
		{7D4DEBB8-01EC-49D3-98E7-E7C4F3BB37F3}.Debug|Any CPU.ActiveCfg = Debug|Any CPU
		{7D4DEBB8-01EC-49D3-98E7-E7C4F3BB37F3}.Debug|Any CPU.Build.0 = Debug|Any CPU
		{7D4DEBB8-01EC-49D3-98E7-E7C4F3BB37F3}.Release|Any CPU.ActiveCfg = Release|Any CPU
		{7D4DEBB8-01EC-49D3-98E7-E7C4F3BB37F3}.Release|Any CPU.Build.0 = Release|Any CPU
		{9DFA2651-7A32-42E9-8FE8-6AFCED3B7CBD}.Debug|Any CPU.ActiveCfg = Debug|Any CPU
		{9DFA2651-7A32-42E9-8FE8-6AFCED3B7CBD}.Debug|Any CPU.Build.0 = Debug|Any CPU
		{9DFA2651-7A32-42E9-8FE8-6AFCED3B7CBD}.Release|Any CPU.ActiveCfg = Release|Any CPU
		{9DFA2651-7A32-42E9-8FE8-6AFCED3B7CBD}.Release|Any CPU.Build.0 = Release|Any CPU
		{BDCCD93E-A483-48D5-9255-EDDDEC56B550}.Debug|Any CPU.ActiveCfg = Debug|Any CPU
		{BDCCD93E-A483-48D5-9255-EDDDEC56B550}.Debug|Any CPU.Build.0 = Debug|Any CPU
		{BDCCD93E-A483-48D5-9255-EDDDEC56B550}.Release|Any CPU.ActiveCfg = Release|Any CPU
		{BDCCD93E-A483-48D5-9255-EDDDEC56B550}.Release|Any CPU.Build.0 = Release|Any CPU
	EndGlobalSection
	GlobalSection(SolutionProperties) = preSolution
		HideSolutionNode = FALSE
	EndGlobalSection
	GlobalSection(NestedProjects) = preSolution
		{23A7EAFC-FB6D-4406-AA8B-590C8E0906BB} = {02EA681E-C7D8-13C7-8484-4AC65E1B71E8}
		{EE1FF207-E703-4B7C-9FB8-9CF102F71CAA} = {02EA681E-C7D8-13C7-8484-4AC65E1B71E8}
		{C31B93DF-D455-4256-8EA8-88E612BA20ED} = {02EA681E-C7D8-13C7-8484-4AC65E1B71E8}
		{B08793CA-62A1-4277-A1B7-172709A3D48B} = {23A7EAFC-FB6D-4406-AA8B-590C8E0906BB}
		{E24DD468-EEB8-4505-8C4B-3D293796E547} = {EE1FF207-E703-4B7C-9FB8-9CF102F71CAA}
		{2B6278B2-9D51-460A-933E-6CA7EF2C3EE0} = {C31B93DF-D455-4256-8EA8-88E612BA20ED}
		{9396FC38-7E6F-4AE2-A4B1-95FD33D2CDCB} = {7583C3F3-E868-4F97-99A6-A77F5AD71AFB}
		{11677D97-4186-4431-B089-FF0BAA2E8F3A} = {7583C3F3-E868-4F97-99A6-A77F5AD71AFB}
		{A9E0ED9A-2AA8-48F0-9F75-2D56E28B5C87} = {7583C3F3-E868-4F97-99A6-A77F5AD71AFB}
		{7D4DEBB8-01EC-49D3-98E7-E7C4F3BB37F3} = {9396FC38-7E6F-4AE2-A4B1-95FD33D2CDCB}
		{9DFA2651-7A32-42E9-8FE8-6AFCED3B7CBD} = {11677D97-4186-4431-B089-FF0BAA2E8F3A}
		{BDCCD93E-A483-48D5-9255-EDDDEC56B550} = {A9E0ED9A-2AA8-48F0-9F75-2D56E28B5C87}
	EndGlobalSection
	GlobalSection(ExtensibilityGlobals) = postSolution
		SolutionGuid = {792E0858-BA8A-4710-851D-4C003EADBDEF}
	EndGlobalSection
EndGlobal
