
Microsoft Visual Studio Solution File, Format Version 12.00
# Visual Studio Version 17
VisualStudioVersion = 17.14.36414.22 d17.14
MinimumVisualStudioVersion = 10.0.40219.1
Project("{FAE04EC0-301F-11D3-BF4B-00C04F79EFBC}") = "RestClientApi", "RestClientApi\RestClientApi.csproj", "{FCAEDC3B-A248-4428-9DC9-82FD408772BD}"
EndProject
Project("{2150E333-8FDC-42A3-9474-1A3956D46DE8}") = "Application", "Application", "{02EA681E-C7D8-13C7-8484-4AC65E1B71E8}"
EndProject
Project("{2150E333-8FDC-42A3-9474-1A3956D46DE8}") = "Core", "Core", "{278CCB39-836F-4BA2-9EC6-96CC820E3D13}"
EndProject
Project("{2150E333-8FDC-42A3-9474-1A3956D46DE8}") = "Infrastructure", "Infrastructure", "{6F97DC6E-BCA6-4D47-A3DD-0D47A43D6FF9}"
EndProject
Project("{FAE04EC0-301F-11D3-BF4B-00C04F79EFBC}") = "RestClientCore", "RestClientCore\RestClientCore.csproj", "{38C059C7-E893-4A42-BABB-FEB0404E2FB9}"
EndProject
Project("{FAE04EC0-301F-11D3-BF4B-00C04F79EFBC}") = "RestClientInfrastructure", "RestClientInfrastructure\RestClientInfrastructure.csproj", "{6B021E62-E23B-478A-BA36-107B72823F98}"
EndProject
Global
	GlobalSection(SolutionConfigurationPlatforms) = preSolution
		Debug|Any CPU = Debug|Any CPU
		Release|Any CPU = Release|Any CPU
	EndGlobalSection
	GlobalSection(ProjectConfigurationPlatforms) = postSolution
		{FCAEDC3B-A248-4428-9DC9-82FD408772BD}.Debug|Any CPU.ActiveCfg = Debug|Any CPU
		{FCAEDC3B-A248-4428-9DC9-82FD408772BD}.Debug|Any CPU.Build.0 = Debug|Any CPU
		{FCAEDC3B-A248-4428-9DC9-82FD408772BD}.Release|Any CPU.ActiveCfg = Release|Any CPU
		{FCAEDC3B-A248-4428-9DC9-82FD408772BD}.Release|Any CPU.Build.0 = Release|Any CPU
		{38C059C7-E893-4A42-BABB-FEB0404E2FB9}.Debug|Any CPU.ActiveCfg = Debug|Any CPU
		{38C059C7-E893-4A42-BABB-FEB0404E2FB9}.Debug|Any CPU.Build.0 = Debug|Any CPU
		{38C059C7-E893-4A42-BABB-FEB0404E2FB9}.Release|Any CPU.ActiveCfg = Release|Any CPU
		{38C059C7-E893-4A42-BABB-FEB0404E2FB9}.Release|Any CPU.Build.0 = Release|Any CPU
		{6B021E62-E23B-478A-BA36-107B72823F98}.Debug|Any CPU.ActiveCfg = Debug|Any CPU
		{6B021E62-E23B-478A-BA36-107B72823F98}.Debug|Any CPU.Build.0 = Debug|Any CPU
		{6B021E62-E23B-478A-BA36-107B72823F98}.Release|Any CPU.ActiveCfg = Release|Any CPU
		{6B021E62-E23B-478A-BA36-107B72823F98}.Release|Any CPU.Build.0 = Release|Any CPU
	EndGlobalSection
	GlobalSection(SolutionProperties) = preSolution
		HideSolutionNode = FALSE
	EndGlobalSection
	GlobalSection(NestedProjects) = preSolution
		{FCAEDC3B-A248-4428-9DC9-82FD408772BD} = {02EA681E-C7D8-13C7-8484-4AC65E1B71E8}
		{38C059C7-E893-4A42-BABB-FEB0404E2FB9} = {278CCB39-836F-4BA2-9EC6-96CC820E3D13}
		{6B021E62-E23B-478A-BA36-107B72823F98} = {6F97DC6E-BCA6-4D47-A3DD-0D47A43D6FF9}
	EndGlobalSection
	GlobalSection(ExtensibilityGlobals) = postSolution
		SolutionGuid = {276292D8-0AA1-43CD-8218-E228CBAB92CB}
	EndGlobalSection
EndGlobal
