
Microsoft Visual Studio Solution File, Format Version 12.00
# Visual Studio Version 17
VisualStudioVersion = 17.14.36414.22 d17.14
MinimumVisualStudioVersion = 10.0.40219.1
Project("{FAE04EC0-301F-11D3-BF4B-00C04F79EFBC}") = "WelfareWorkTracker.Library", "WelfareWorkTracker.Library\WelfareWorkTracker.Library.csproj", "{DF7A14A2-4FE5-4766-A4EC-DD28CBFFB214}"
EndProject
Global
	GlobalSection(SolutionConfigurationPlatforms) = preSolution
		Debug|Any CPU = Debug|Any CPU
		Release|Any CPU = Release|Any CPU
	EndGlobalSection
	GlobalSection(ProjectConfigurationPlatforms) = postSolution
		{DF7A14A2-4FE5-4766-A4EC-DD28CBFFB214}.Debug|Any CPU.ActiveCfg = Debug|Any CPU
		{DF7A14A2-4FE5-4766-A4EC-DD28CBFFB214}.Debug|Any CPU.Build.0 = Debug|Any CPU
		{DF7A14A2-4FE5-4766-A4EC-DD28CBFFB214}.Release|Any CPU.ActiveCfg = Release|Any CPU
		{DF7A14A2-4FE5-4766-A4EC-DD28CBFFB214}.Release|Any CPU.Build.0 = Release|Any CPU
	EndGlobalSection
	GlobalSection(SolutionProperties) = preSolution
		HideSolutionNode = FALSE
	EndGlobalSection
	GlobalSection(ExtensibilityGlobals) = postSolution
		SolutionGuid = {14E5C761-7D64-40F2-A863-D688957C7353}
	EndGlobalSection
EndGlobal
